
Microsoft Visual Studio Solution File, Format Version 12.00
# Visual Studio Version 17
VisualStudioVersion = 17.4.33213.308
MinimumVisualStudioVersion = 10.0.40219.1
Project("{FAE04EC0-301F-11D3-BF4B-00C04F79EFBC}") = "CadastroCliente", "CadastroCliente\CadastroCliente.csproj", "{58102500-CBFB-40FE-9A08-26563E7161AB}"
EndProject
Global
	GlobalSection(SolutionConfigurationPlatforms) = preSolution
		Debug|Any CPU = Debug|Any CPU
		Release|Any CPU = Release|Any CPU
	EndGlobalSection
	GlobalSection(ProjectConfigurationPlatforms) = postSolution
		{58102500-CBFB-40FE-9A08-26563E7161AB}.Debug|Any CPU.ActiveCfg = Debug|Any CPU
		{58102500-CBFB-40FE-9A08-26563E7161AB}.Debug|Any CPU.Build.0 = Debug|Any CPU
		{58102500-CBFB-40FE-9A08-26563E7161AB}.Release|Any CPU.ActiveCfg = Release|Any CPU
		{58102500-CBFB-40FE-9A08-26563E7161AB}.Release|Any CPU.Build.0 = Release|Any CPU
	EndGlobalSection
	GlobalSection(SolutionProperties) = preSolution
		HideSolutionNode = FALSE
	EndGlobalSection
	GlobalSection(ExtensibilityGlobals) = postSolution
		SolutionGuid = {6DDC542C-7FB5-49AE-84DB-ABDD3CD7876F}
	EndGlobalSection
EndGlobal
